// !$*UTF8*$!
{
	archiveVersion = 1;
	classes = {
	};
	objectVersion = 56;
	objects = {

/* Begin PBXBuildFile section */
		855A5CA629C316A4006F083A /* AppDelegate.swift in Sources */ = {isa = PBXBuildFile; fileRef = 855A5CA529C316A4006F083A /* AppDelegate.swift */; };
		855A5CA829C316A4006F083A /* SceneDelegate.swift in Sources */ = {isa = PBXBuildFile; fileRef = 855A5CA729C316A4006F083A /* SceneDelegate.swift */; };
		855A5CAA29C316A4006F083A /* ViewController.swift in Sources */ = {isa = PBXBuildFile; fileRef = 855A5CA929C316A4006F083A /* ViewController.swift */; };
		855A5CAD29C316A4006F083A /* Main.storyboard in Resources */ = {isa = PBXBuildFile; fileRef = 855A5CAB29C316A4006F083A /* Main.storyboard */; };
		855A5CAF29C316A6006F083A /* Assets.xcassets in Resources */ = {isa = PBXBuildFile; fileRef = 855A5CAE29C316A6006F083A /* Assets.xcassets */; };
		855A5CB229C316A6006F083A /* LaunchScreen.storyboard in Resources */ = {isa = PBXBuildFile; fileRef = 855A5CB029C316A6006F083A /* LaunchScreen.storyboard */; };
		855A5CBF29C316BC006F083A /* PrintActionActivity.swift in Sources */ = {isa = PBXBuildFile; fileRef = 855A5CB929C316BA006F083A /* PrintActionActivity.swift */; };
		855A5CC029C316BC006F083A /* WhatsAppActivity.swift in Sources */ = {isa = PBXBuildFile; fileRef = 855A5CBA29C316BA006F083A /* WhatsAppActivity.swift */; };
		855A5CC129C316BC006F083A /* WeChatActivity.swift in Sources */ = {isa = PBXBuildFile; fileRef = 855A5CBB29C316BB006F083A /* WeChatActivity.swift */; };
		855A5CC229C316BC006F083A /* EmailActivity.swift in Sources */ = {isa = PBXBuildFile; fileRef = 855A5CBC29C316BB006F083A /* EmailActivity.swift */; };
		855A5CC329C316BC006F083A /* MessageActivity.swift in Sources */ = {isa = PBXBuildFile; fileRef = 855A5CBD29C316BB006F083A /* MessageActivity.swift */; };
		855A5CC429C316BC006F083A /* SaveActionActivity.swift in Sources */ = {isa = PBXBuildFile; fileRef = 855A5CBE29C316BB006F083A /* SaveActionActivity.swift */; };
/* End PBXBuildFile section */

/* Begin PBXFileReference section */
		855A5CA229C316A4006F083A /* CustomUIActivity.app */ = {isa = PBXFileReference; explicitFileType = wrapper.application; includeInIndex = 0; path = CustomUIActivity.app; sourceTree = BUILT_PRODUCTS_DIR; };
		855A5CA529C316A4006F083A /* AppDelegate.swift */ = {isa = PBXFileReference; lastKnownFileType = sourcecode.swift; path = AppDelegate.swift; sourceTree = "<group>"; };
		855A5CA729C316A4006F083A /* SceneDelegate.swift */ = {isa = PBXFileReference; lastKnownFileType = sourcecode.swift; path = SceneDelegate.swift; sourceTree = "<group>"; };
		855A5CA929C316A4006F083A /* ViewController.swift */ = {isa = PBXFileReference; lastKnownFileType = sourcecode.swift; path = ViewController.swift; sourceTree = "<group>"; };
		855A5CAC29C316A4006F083A /* Base */ = {isa = PBXFileReference; lastKnownFileType = file.storyboard; name = Base; path = Base.lproj/Main.storyboard; sourceTree = "<group>"; };
		855A5CAE29C316A6006F083A /* Assets.xcassets */ = {isa = PBXFileReference; lastKnownFileType = folder.assetcatalog; path = Assets.xcassets; sourceTree = "<group>"; };
		855A5CB129C316A6006F083A /* Base */ = {isa = PBXFileReference; lastKnownFileType = file.storyboard; name = Base; path = Base.lproj/LaunchScreen.storyboard; sourceTree = "<group>"; };
		855A5CB329C316A6006F083A /* Info.plist */ = {isa = PBXFileReference; lastKnownFileType = text.plist.xml; path = Info.plist; sourceTree = "<group>"; };
		855A5CB929C316BA006F083A /* PrintActionActivity.swift */ = {isa = PBXFileReference; fileEncoding = 4; lastKnownFileType = sourcecode.swift; path = PrintActionActivity.swift; sourceTree = "<group>"; };
		855A5CBA29C316BA006F083A /* WhatsAppActivity.swift */ = {isa = PBXFileReference; fileEncoding = 4; lastKnownFileType = sourcecode.swift; path = WhatsAppActivity.swift; sourceTree = "<group>"; };
		855A5CBB29C316BB006F083A /* WeChatActivity.swift */ = {isa = PBXFileReference; fileEncoding = 4; lastKnownFileType = sourcecode.swift; path = WeChatActivity.swift; sourceTree = "<group>"; };
		855A5CBC29C316BB006F083A /* EmailActivity.swift */ = {isa = PBXFileReference; fileEncoding = 4; lastKnownFileType = sourcecode.swift; path = EmailActivity.swift; sourceTree = "<group>"; };
		855A5CBD29C316BB006F083A /* MessageActivity.swift */ = {isa = PBXFileReference; fileEncoding = 4; lastKnownFileType = sourcecode.swift; path = MessageActivity.swift; sourceTree = "<group>"; };
		855A5CBE29C316BB006F083A /* SaveActionActivity.swift */ = {isa = PBXFileReference; fileEncoding = 4; lastKnownFileType = sourcecode.swift; path = SaveActionActivity.swift; sourceTree = "<group>"; };
/* End PBXFileReference section */

/* Begin PBXFrameworksBuildPhase section */
		855A5C9F29C316A4006F083A /* Frameworks */ = {
			isa = PBXFrameworksBuildPhase;
			buildActionMask = 2147483647;
			files = (
			);
			runOnlyForDeploymentPostprocessing = 0;
		};
/* End PBXFrameworksBuildPhase section */

/* Begin PBXGroup section */
		855A5C9929C316A4006F083A = {
			isa = PBXGroup;
			children = (
				855A5CA429C316A4006F083A /* CustomUIActivity */,
				855A5CA329C316A4006F083A /* Products */,
			);
			sourceTree = "<group>";
		};
		855A5CA329C316A4006F083A /* Products */ = {
			isa = PBXGroup;
			children = (
				855A5CA229C316A4006F083A /* CustomUIActivity.app */,
			);
			name = Products;
			sourceTree = "<group>";
		};
		855A5CA429C316A4006F083A /* CustomUIActivity */ = {
			isa = PBXGroup;
			children = (
				855A5CA529C316A4006F083A /* AppDelegate.swift */,
				855A5CA729C316A4006F083A /* SceneDelegate.swift */,
				855A5CA929C316A4006F083A /* ViewController.swift */,
				855A5CBC29C316BB006F083A /* EmailActivity.swift */,
				855A5CBD29C316BB006F083A /* MessageActivity.swift */,
				855A5CB929C316BA006F083A /* PrintActionActivity.swift */,
				855A5CBE29C316BB006F083A /* SaveActionActivity.swift */,
				855A5CBB29C316BB006F083A /* WeChatActivity.swift */,
				855A5CBA29C316BA006F083A /* WhatsAppActivity.swift */,
				855A5CAB29C316A4006F083A /* Main.storyboard */,
				855A5CAE29C316A6006F083A /* Assets.xcassets */,
				855A5CB029C316A6006F083A /* LaunchScreen.storyboard */,
				855A5CB329C316A6006F083A /* Info.plist */,
			);
			path = CustomUIActivity;
			sourceTree = "<group>";
		};
/* End PBXGroup section */

/* Begin PBXNativeTarget section */
		855A5CA129C316A4006F083A /* CustomUIActivity */ = {
			isa = PBXNativeTarget;
			buildConfigurationList = 855A5CB629C316A6006F083A /* Build configuration list for PBXNativeTarget "CustomUIActivity" */;
			buildPhases = (
				855A5C9E29C316A4006F083A /* Sources */,
				855A5C9F29C316A4006F083A /* Frameworks */,
				855A5CA029C316A4006F083A /* Resources */,
			);
			buildRules = (
			);
			dependencies = (
			);
			name = CustomUIActivity;
			productName = CustomUIActivity;
			productReference = 855A5CA229C316A4006F083A /* CustomUIActivity.app */;
			productType = "com.apple.product-type.application";
		};
/* End PBXNativeTarget section */

/* Begin PBXProject section */
		855A5C9A29C316A4006F083A /* Project object */ = {
			isa = PBXProject;
			attributes = {
				BuildIndependentTargetsInParallel = 1;
				LastSwiftUpdateCheck = 1420;
				LastUpgradeCheck = 1420;
				TargetAttributes = {
					855A5CA129C316A4006F083A = {
						CreatedOnToolsVersion = 14.2;
					};
				};
			};
			buildConfigurationList = 855A5C9D29C316A4006F083A /* Build configuration list for PBXProject "CustomUIActivity" */;
			compatibilityVersion = "Xcode 14.0";
			developmentRegion = en;
			hasScannedForEncodings = 0;
			knownRegions = (
				en,
				Base,
			);
			mainGroup = 855A5C9929C316A4006F083A;
			productRefGroup = 855A5CA329C316A4006F083A /* Products */;
			projectDirPath = "";
			projectRoot = "";
			targets = (
				855A5CA129C316A4006F083A /* CustomUIActivity */,
			);
		};
/* End PBXProject section */

/* Begin PBXResourcesBuildPhase section */
		855A5CA029C316A4006F083A /* Resources */ = {
			isa = PBXResourcesBuildPhase;
			buildActionMask = 2147483647;
			files = (
				855A5CB229C316A6006F083A /* LaunchScreen.storyboard in Resources */,
				855A5CAF29C316A6006F083A /* Assets.xcassets in Resources */,
				855A5CAD29C316A4006F083A /* Main.storyboard in Resources */,
			);
			runOnlyForDeploymentPostprocessing = 0;
		};
/* End PBXResourcesBuildPhase section */

/* Begin PBXSourcesBuildPhase section */
		855A5C9E29C316A4006F083A /* Sources */ = {
			isa = PBXSourcesBuildPhase;
			buildActionMask = 2147483647;
			files = (
				855A5CC229C316BC006F083A /* EmailActivity.swift in Sources */,
				855A5CC129C316BC006F083A /* WeChatActivity.swift in Sources */,
				855A5CC329C316BC006F083A /* MessageActivity.swift in Sources */,
				855A5CBF29C316BC006F083A /* PrintActionActivity.swift in Sources */,
				855A5CAA29C316A4006F083A /* ViewController.swift in Sources */,
				855A5CC029C316BC006F083A /* WhatsAppActivity.swift in Sources */,
				855A5CA629C316A4006F083A /* AppDelegate.swift in Sources */,
				855A5CA829C316A4006F083A /* SceneDelegate.swift in Sources */,
				855A5CC429C316BC006F083A /* SaveActionActivity.swift in Sources */,
			);
			runOnlyForDeploymentPostprocessing = 0;
		};
/* End PBXSourcesBuildPhase section */

/* Begin PBXVariantGroup section */
		855A5CAB29C316A4006F083A /* Main.storyboard */ = {
			isa = PBXVariantGroup;
			children = (
				855A5CAC29C316A4006F083A /* Base */,
			);
			name = Main.storyboard;
			sourceTree = "<group>";
		};
		855A5CB029C316A6006F083A /* LaunchScreen.storyboard */ = {
			isa = PBXVariantGroup;
			children = (
				855A5CB129C316A6006F083A /* Base */,
			);
			name = LaunchScreen.storyboard;
			sourceTree = "<group>";
		};
/* End PBXVariantGroup section */

/* Begin XCBuildConfiguration section */
		855A5CB429C316A6006F083A /* Debug */ = {
			isa = XCBuildConfiguration;
			buildSettings = {
				ALWAYS_SEARCH_USER_PATHS = NO;
				CLANG_ANALYZER_NONNULL = YES;
				CLANG_ANALYZER_NUMBER_OBJECT_CONVERSION = YES_AGGRESSIVE;
				CLANG_CXX_LANGUAGE_STANDARD = "gnu++20";
				CLANG_ENABLE_MODULES = YES;
				CLANG_ENABLE_OBJC_ARC = YES;
				CLANG_ENABLE_OBJC_WEAK = YES;
				CLANG_WARN_BLOCK_CAPTURE_AUTORELEASING = YES;
				CLANG_WARN_BOOL_CONVERSION = YES;
				CLANG_WARN_COMMA = YES;
				CLANG_WARN_CONSTANT_CONVERSION = YES;
				CLANG_WARN_DEPRECATED_OBJC_IMPLEMENTATIONS = YES;
				CLANG_WARN_DIRECT_OBJC_ISA_USAGE = YES_ERROR;
				CLANG_WARN_DOCUMENTATION_COMMENTS = YES;
				CLANG_WARN_EMPTY_BODY = YES;
				CLANG_WARN_ENUM_CONVERSION = YES;
				CLANG_WARN_INFINITE_RECURSION = YES;
				CLANG_WARN_INT_CONVERSION = YES;
				CLANG_WARN_NON_LITERAL_NULL_CONVERSION = YES;
				CLANG_WARN_OBJC_IMPLICIT_RETAIN_SELF = YES;
				CLANG_WARN_OBJC_LITERAL_CONVERSION = YES;
				CLANG_WARN_OBJC_ROOT_CLASS = YES_ERROR;
				CLANG_WARN_QUOTED_INCLUDE_IN_FRAMEWORK_HEADER = YES;
				CLANG_WARN_RANGE_LOOP_ANALYSIS = YES;
				CLANG_WARN_STRICT_PROTOTYPES = YES;
				CLANG_WARN_SUSPICIOUS_MOVE = YES;
				CLANG_WARN_UNGUARDED_AVAILABILITY = YES_AGGRESSIVE;
				CLANG_WARN_UNREACHABLE_CODE = YES;
				CLANG_WARN__DUPLICATE_METHOD_MATCH = YES;
				COPY_PHASE_STRIP = NO;
				DEBUG_INFORMATION_FORMAT = dwarf;
				ENABLE_STRICT_OBJC_MSGSEND = YES;
				ENABLE_TESTABILITY = YES;
				GCC_C_LANGUAGE_STANDARD = gnu11;
				GCC_DYNAMIC_NO_PIC = NO;
				GCC_NO_COMMON_BLOCKS = YES;
				GCC_OPTIMIZATION_LEVEL = 0;
				GCC_PREPROCESSOR_DEFINITIONS = (
					"DEBUG=1",
					"$(inherited)",
				);
				GCC_WARN_64_TO_32_BIT_CONVERSION = YES;
				GCC_WARN_ABOUT_RETURN_TYPE = YES_ERROR;
				GCC_WARN_UNDECLARED_SELECTOR = YES;
				GCC_WARN_UNINITIALIZED_AUTOS = YES_AGGRESSIVE;
				GCC_WARN_UNUSED_FUNCTION = YES;
				GCC_WARN_UNUSED_VARIABLE = YES;
				IPHONEOS_DEPLOYMENT_TARGET = 16.2;
				MTL_ENABLE_DEBUG_INFO = INCLUDE_SOURCE;
				MTL_FAST_MATH = YES;
				ONLY_ACTIVE_ARCH = YES;
				SDKROOT = iphoneos;
				SWIFT_ACTIVE_COMPILATION_CONDITIONS = DEBUG;
				SWIFT_OPTIMIZATION_LEVEL = "-Onone";
			};
			name = Debug;
		};
		855A5CB529C316A6006F083A /* Release */ = {
			isa = XCBuildConfiguration;
			buildSettings = {
				ALWAYS_SEARCH_USER_PATHS = NO;
				CLANG_ANALYZER_NONNULL = YES;
				CLANG_ANALYZER_NUMBER_OBJECT_CONVERSION = YES_AGGRESSIVE;
				CLANG_CXX_LANGUAGE_STANDARD = "gnu++20";
				CLANG_ENABLE_MODULES = YES;
				CLANG_ENABLE_OBJC_ARC = YES;
				CLANG_ENABLE_OBJC_WEAK = YES;
				CLANG_WARN_BLOCK_CAPTURE_AUTORELEASING = YES;
				CLANG_WARN_BOOL_CONVERSION = YES;
				CLANG_WARN_COMMA = YES;
				CLANG_WARN_CONSTANT_CONVERSION = YES;
				CLANG_WARN_DEPRECATED_OBJC_IMPLEMENTATIONS = YES;
				CLANG_WARN_DIRECT_OBJC_ISA_USAGE = YES_ERROR;
				CLANG_WARN_DOCUMENTATION_COMMENTS = YES;
				CLANG_WARN_EMPTY_BODY = YES;
				CLANG_WARN_ENUM_CONVERSION = YES;
				CLANG_WARN_INFINITE_RECURSION = YES;
				CLANG_WARN_INT_CONVERSION = YES;
				CLANG_WARN_NON_LITERAL_NULL_CONVERSION = YES;
				CLANG_WARN_OBJC_IMPLICIT_RETAIN_SELF = YES;
				CLANG_WARN_OBJC_LITERAL_CONVERSION = YES;
				CLANG_WARN_OBJC_ROOT_CLASS = YES_ERROR;
				CLANG_WARN_QUOTED_INCLUDE_IN_FRAMEWORK_HEADER = YES;
				CLANG_WARN_RANGE_LOOP_ANALYSIS = YES;
				CLANG_WARN_STRICT_PROTOTYPES = YES;
				CLANG_WARN_SUSPICIOUS_MOVE = YES;
				CLANG_WARN_UNGUARDED_AVAILABILITY = YES_AGGRESSIVE;
				CLANG_WARN_UNREACHABLE_CODE = YES;
				CLANG_WARN__DUPLICATE_METHOD_MATCH = YES;
				COPY_PHASE_STRIP = NO;
				DEBUG_INFORMATION_FORMAT = "dwarf-with-dsym";
				ENABLE_NS_ASSERTIONS = NO;
				ENABLE_STRICT_OBJC_MSGSEND = YES;
				GCC_C_LANGUAGE_STANDARD = gnu11;
				GCC_NO_COMMON_BLOCKS = YES;
				GCC_WARN_64_TO_32_BIT_CONVERSION = YES;
				GCC_WARN_ABOUT_RETURN_TYPE = YES_ERROR;
				GCC_WARN_UNDECLARED_SELECTOR = YES;
				GCC_WARN_UNINITIALIZED_AUTOS = YES_AGGRESSIVE;
				GCC_WARN_UNUSED_FUNCTION = YES;
				GCC_WARN_UNUSED_VARIABLE = YES;
				IPHONEOS_DEPLOYMENT_TARGET = 16.2;
				MTL_ENABLE_DEBUG_INFO = NO;
				MTL_FAST_MATH = YES;
				SDKROOT = iphoneos;
				SWIFT_COMPILATION_MODE = wholemodule;
				SWIFT_OPTIMIZATION_LEVEL = "-O";
				VALIDATE_PRODUCT = YES;
			};
			name = Release;
		};
		855A5CB729C316A6006F083A /* Debug */ = {
			isa = XCBuildConfiguration;
			buildSettings = {
				ASSETCATALOG_COMPILER_APPICON_NAME = AppIcon;
				ASSETCATALOG_COMPILER_GLOBAL_ACCENT_COLOR_NAME = AccentColor;
				CODE_SIGN_STYLE = Automatic;
				CURRENT_PROJECT_VERSION = 1;
				GENERATE_INFOPLIST_FILE = YES;
				INFOPLIST_FILE = CustomUIActivity/Info.plist;
				INFOPLIST_KEY_UIApplicationSupportsIndirectInputEvents = YES;
				INFOPLIST_KEY_UILaunchStoryboardName = LaunchScreen;
				INFOPLIST_KEY_UIMainStoryboardFile = Main;
				INFOPLIST_KEY_UISupportedInterfaceOrientations_iPad = "UIInterfaceOrientationPortrait UIInterfaceOrientationPortraitUpsideDown UIInterfaceOrientationLandscapeLeft UIInterfaceOrientationLandscapeRight";
				INFOPLIST_KEY_UISupportedInterfaceOrientations_iPhone = "UIInterfaceOrientationPortrait UIInterfaceOrientationLandscapeLeft UIInterfaceOrientationLandscapeRight";
				LD_RUNPATH_SEARCH_PATHS = (
					"$(inherited)",
					"@executable_path/Frameworks",
				);
				MARKETING_VERSION = 1.0;
				PRODUCT_BUNDLE_IDENTIFIER = com.demo.activity.CustomUIActivity;
				PRODUCT_NAME = "$(TARGET_NAME)";
				SWIFT_EMIT_LOC_STRINGS = YES;
				SWIFT_VERSION = 5.0;
				TARGETED_DEVICE_FAMILY = "1,2";
			};
			name = Debug;
		};
		855A5CB829C316A6006F083A /* Release */ = {
			isa = XCBuildConfiguration;
			buildSettings = {
				ASSETCATALOG_COMPILER_APPICON_NAME = AppIcon;
				ASSETCATALOG_COMPILER_GLOBAL_ACCENT_COLOR_NAME = AccentColor;
				CODE_SIGN_STYLE = Automatic;
				CURRENT_PROJECT_VERSION = 1;
				GENERATE_INFOPLIST_FILE = YES;
				INFOPLIST_FILE = CustomUIActivity/Info.plist;
				INFOPLIST_KEY_UIApplicationSupportsIndirectInputEvents = YES;
				INFOPLIST_KEY_UILaunchStoryboardName = LaunchScreen;
				INFOPLIST_KEY_UIMainStoryboardFile = Main;
				INFOPLIST_KEY_UISupportedInterfaceOrientations_iPad = "UIInterfaceOrientationPortrait UIInterfaceOrientationPortraitUpsideDown UIInterfaceOrientationLandscapeLeft UIInterfaceOrientationLandscapeRight";
				INFOPLIST_KEY_UISupportedInterfaceOrientations_iPhone = "UIInterfaceOrientationPortrait UIInterfaceOrientationLandscapeLeft UIInterfaceOrientationLandscapeRight";
				LD_RUNPATH_SEARCH_PATHS = (
					"$(inherited)",
					"@executable_path/Frameworks",
				);
				MARKETING_VERSION = 1.0;
				PRODUCT_BUNDLE_IDENTIFIER = com.demo.activity.CustomUIActivity;
				PRODUCT_NAME = "$(TARGET_NAME)";
				SWIFT_EMIT_LOC_STRINGS = YES;
				SWIFT_VERSION = 5.0;
				TARGETED_DEVICE_FAMILY = "1,2";
			};
			name = Release;
		};
/* End XCBuildConfiguration section */

/* Begin XCConfigurationList section */
		855A5C9D29C316A4006F083A /* Build configuration list for PBXProject "CustomUIActivity" */ = {
			isa = XCConfigurationList;
			buildConfigurations = (
				855A5CB429C316A6006F083A /* Debug */,
				855A5CB529C316A6006F083A /* Release */,
			);
			defaultConfigurationIsVisible = 0;
			defaultConfigurationName = Release;
		};
		855A5CB629C316A6006F083A /* Build configuration list for PBXNativeTarget "CustomUIActivity" */ = {
			isa = XCConfigurationList;
			buildConfigurations = (
				855A5CB729C316A6006F083A /* Debug */,
				855A5CB829C316A6006F083A /* Release */,
			);
			defaultConfigurationIsVisible = 0;
			defaultConfigurationName = Release;
		};
/* End XCConfigurationList section */
	};
	rootObject = 855A5C9A29C316A4006F083A /* Project object */;
}
